# Generated by move; do not edit
# This file should be checked in.

[move]
version = 4

[pinned.mainnet.MoveStdlib]
source = { git = "https://github.com/MystenLabs/sui.git", subdir = "crates/sui-framework/packages/move-stdlib", rev = "6d4ec0b0621dd9555753c9ecd5be021b25a0d267" }
use_environment = "mainnet"
manifest_digest = "C4FE4C91DE74CBF223B2E380AE40F592177D21870DC2D7EB6227D2D694E05363"
deps = {}

[pinned.mainnet.ONE]
source = { root = true }
use_environment = "mainnet"
manifest_digest = "4FDE62F703DFCCD1B078F4312671EDEC6F5BC01BD2277EDCA17D25A24AA9CC9E"
deps = { Pyth = "Pyth", Sui = "Sui" }

[pinned.mainnet.Pyth]
source = { local = "deps/pyth" }
use_environment = "mainnet"
manifest_digest = "40F148349576DFF13AEB52F72B0DCF83038737D64A31C406FE218D5D25AFCB68"
deps = { Sui = "Sui", Wormhole = "Wormhole" }

[pinned.mainnet.Sui]
source = { git = "https://github.com/MystenLabs/sui.git", subdir = "crates/sui-framework/packages/sui-framework", rev = "6d4ec0b0621dd9555753c9ecd5be021b25a0d267" }
use_environment = "mainnet"
manifest_digest = "CD547CB1ACCE0880C835DAED2D8FFCB91D56C833AE5240D3AA5B918398263195"
deps = { MoveStdlib = "MoveStdlib" }

[pinned.mainnet.Wormhole]
source = { local = "deps/wormhole" }
use_environment = "mainnet"
manifest_digest = "9F56AF16FF2116C23240FCD0691E4913E2DE9052064CCC7E782CE7C7226DE4E1"
deps = { Sui = "Sui" }
